
Microsoft Visual Studio Solution File, Format Version 12.00
# Visual Studio Version 16
VisualStudioVersion = 16.0.30114.105
MinimumVisualStudioVersion = 10.0.40219.1
Project("{2150E333-8FDC-42A3-9474-1A3956D46DE8}") = "src", "src", "{9D225E98-D837-49D7-A510-5AB5EBA49794}"
EndProject
Project("{FAE04EC0-301F-11D3-BF4B-00C04F79EFBC}") = "TpLinkConsole.Console", "src\TpLinkConsole.Console\TpLinkConsole.Console.csproj", "{D645AAB4-6C49-4FF3-A1D5-092E7903CF4E}"
EndProject
Project("{2150E333-8FDC-42A3-9474-1A3956D46DE8}") = "tests", "tests", "{E884FE8B-7274-4D2A-ABE3-0354BF4DBD62}"
EndProject
Project("{FAE04EC0-301F-11D3-BF4B-00C04F79EFBC}") = "JsTypes", "src\JsTypes\JsTypes.csproj", "{59235C6E-3D87-4921-8988-A31193B7D45A}"
EndProject
Project("{FAE04EC0-301F-11D3-BF4B-00C04F79EFBC}") = "Router", "src\Router\Router.csproj", "{F485B695-1088-40EA-B6D4-14403501A8B0}"
EndProject
Project("{FAE04EC0-301F-11D3-BF4B-00C04F79EFBC}") = "Router.Domain.Tests", "Router.Domain.Tests\Router.Domain.Tests.csproj", "{41BCD52C-F828-48F1-87C9-0B6A75659E3B}"
EndProject
Project("{FAE04EC0-301F-11D3-BF4B-00C04F79EFBC}") = "JsUtils", "src\JsUtils\JsUtils.csproj", "{BF9951FC-1E52-4F47-86F7-29FE78631D37}"
EndProject
Project("{FAE04EC0-301F-11D3-BF4B-00C04F79EFBC}") = "JsUtils.Implementation", "src\JsUtils.Implementation\JsUtils.Implementation.csproj", "{B9E9BBE1-8512-4F85-B48C-1933FA1C54B2}"
EndProject
Project("{FAE04EC0-301F-11D3-BF4B-00C04F79EFBC}") = "JsUtils.Implementation.Tests", "JsUtils.Implementation.Tests\JsUtils.Implementation.Tests.csproj", "{55932CD1-CB5D-4F90-92A9-4FEE18A1A089}"
EndProject
Project("{FAE04EC0-301F-11D3-BF4B-00C04F79EFBC}") = "TpLinkConsole.CommandLineArguments.Tests", "TpLinkConsole.CommandLineArguments.Tests\TpLinkConsole.CommandLineArguments.Tests.csproj", "{EF74342B-2713-4FB7-9F12-74D5F3A260F7}"
EndProject
Project("{FAE04EC0-301F-11D3-BF4B-00C04F79EFBC}") = "Router.Commands", "src\Router.Commands\Router.Commands.csproj", "{8CE3FC7D-ED90-416C-8403-B98FE767E184}"
EndProject
Project("{2150E333-8FDC-42A3-9474-1A3956D46DE8}") = "Parser", "Parser", "{8B977514-31CA-4608-8401-63239934EE52}"
EndProject
Project("{FAE04EC0-301F-11D3-BF4B-00C04F79EFBC}") = "Router.CommandsParser.CommandLineParser", "src\Router.CommandsParser.CommandLineParser\Router.CommandsParser.CommandLineParser.csproj", "{68728457-2DF9-4539-B59F-1FE544323598}"
EndProject
Global
	GlobalSection(SolutionProperties) = preSolution
		HideSolutionNode = FALSE
	EndGlobalSection
	GlobalSection(SolutionConfigurationPlatforms) = preSolution
		Debug|Any CPU = Debug|Any CPU
		Debug|x64 = Debug|x64
		Debug|x86 = Debug|x86
		Release|Any CPU = Release|Any CPU
		Release|x64 = Release|x64
		Release|x86 = Release|x86
	EndGlobalSection
	GlobalSection(ProjectConfigurationPlatforms) = postSolution
		{D645AAB4-6C49-4FF3-A1D5-092E7903CF4E}.Debug|Any CPU.ActiveCfg = Debug|Any CPU
		{D645AAB4-6C49-4FF3-A1D5-092E7903CF4E}.Debug|Any CPU.Build.0 = Debug|Any CPU
		{D645AAB4-6C49-4FF3-A1D5-092E7903CF4E}.Debug|x64.ActiveCfg = Debug|Any CPU
		{D645AAB4-6C49-4FF3-A1D5-092E7903CF4E}.Debug|x64.Build.0 = Debug|Any CPU
		{D645AAB4-6C49-4FF3-A1D5-092E7903CF4E}.Debug|x86.ActiveCfg = Debug|Any CPU
		{D645AAB4-6C49-4FF3-A1D5-092E7903CF4E}.Debug|x86.Build.0 = Debug|Any CPU
		{D645AAB4-6C49-4FF3-A1D5-092E7903CF4E}.Release|Any CPU.ActiveCfg = Release|Any CPU
		{D645AAB4-6C49-4FF3-A1D5-092E7903CF4E}.Release|Any CPU.Build.0 = Release|Any CPU
		{D645AAB4-6C49-4FF3-A1D5-092E7903CF4E}.Release|x64.ActiveCfg = Release|Any CPU
		{D645AAB4-6C49-4FF3-A1D5-092E7903CF4E}.Release|x64.Build.0 = Release|Any CPU
		{D645AAB4-6C49-4FF3-A1D5-092E7903CF4E}.Release|x86.ActiveCfg = Release|Any CPU
		{D645AAB4-6C49-4FF3-A1D5-092E7903CF4E}.Release|x86.Build.0 = Release|Any CPU
		{59235C6E-3D87-4921-8988-A31193B7D45A}.Debug|Any CPU.ActiveCfg = Debug|Any CPU
		{59235C6E-3D87-4921-8988-A31193B7D45A}.Debug|Any CPU.Build.0 = Debug|Any CPU
		{59235C6E-3D87-4921-8988-A31193B7D45A}.Debug|x64.ActiveCfg = Debug|Any CPU
		{59235C6E-3D87-4921-8988-A31193B7D45A}.Debug|x64.Build.0 = Debug|Any CPU
		{59235C6E-3D87-4921-8988-A31193B7D45A}.Debug|x86.ActiveCfg = Debug|Any CPU
		{59235C6E-3D87-4921-8988-A31193B7D45A}.Debug|x86.Build.0 = Debug|Any CPU
		{59235C6E-3D87-4921-8988-A31193B7D45A}.Release|Any CPU.ActiveCfg = Release|Any CPU
		{59235C6E-3D87-4921-8988-A31193B7D45A}.Release|Any CPU.Build.0 = Release|Any CPU
		{59235C6E-3D87-4921-8988-A31193B7D45A}.Release|x64.ActiveCfg = Release|Any CPU
		{59235C6E-3D87-4921-8988-A31193B7D45A}.Release|x64.Build.0 = Release|Any CPU
		{59235C6E-3D87-4921-8988-A31193B7D45A}.Release|x86.ActiveCfg = Release|Any CPU
		{59235C6E-3D87-4921-8988-A31193B7D45A}.Release|x86.Build.0 = Release|Any CPU
		{F485B695-1088-40EA-B6D4-14403501A8B0}.Debug|Any CPU.ActiveCfg = Debug|Any CPU
		{F485B695-1088-40EA-B6D4-14403501A8B0}.Debug|Any CPU.Build.0 = Debug|Any CPU
		{F485B695-1088-40EA-B6D4-14403501A8B0}.Debug|x64.ActiveCfg = Debug|Any CPU
		{F485B695-1088-40EA-B6D4-14403501A8B0}.Debug|x64.Build.0 = Debug|Any CPU
		{F485B695-1088-40EA-B6D4-14403501A8B0}.Debug|x86.ActiveCfg = Debug|Any CPU
		{F485B695-1088-40EA-B6D4-14403501A8B0}.Debug|x86.Build.0 = Debug|Any CPU
		{F485B695-1088-40EA-B6D4-14403501A8B0}.Release|Any CPU.ActiveCfg = Release|Any CPU
		{F485B695-1088-40EA-B6D4-14403501A8B0}.Release|Any CPU.Build.0 = Release|Any CPU
		{F485B695-1088-40EA-B6D4-14403501A8B0}.Release|x64.ActiveCfg = Release|Any CPU
		{F485B695-1088-40EA-B6D4-14403501A8B0}.Release|x64.Build.0 = Release|Any CPU
		{F485B695-1088-40EA-B6D4-14403501A8B0}.Release|x86.ActiveCfg = Release|Any CPU
		{F485B695-1088-40EA-B6D4-14403501A8B0}.Release|x86.Build.0 = Release|Any CPU
		{41BCD52C-F828-48F1-87C9-0B6A75659E3B}.Debug|Any CPU.ActiveCfg = Debug|Any CPU
		{41BCD52C-F828-48F1-87C9-0B6A75659E3B}.Debug|Any CPU.Build.0 = Debug|Any CPU
		{41BCD52C-F828-48F1-87C9-0B6A75659E3B}.Debug|x64.ActiveCfg = Debug|Any CPU
		{41BCD52C-F828-48F1-87C9-0B6A75659E3B}.Debug|x64.Build.0 = Debug|Any CPU
		{41BCD52C-F828-48F1-87C9-0B6A75659E3B}.Debug|x86.ActiveCfg = Debug|Any CPU
		{41BCD52C-F828-48F1-87C9-0B6A75659E3B}.Debug|x86.Build.0 = Debug|Any CPU
		{41BCD52C-F828-48F1-87C9-0B6A75659E3B}.Release|Any CPU.ActiveCfg = Release|Any CPU
		{41BCD52C-F828-48F1-87C9-0B6A75659E3B}.Release|Any CPU.Build.0 = Release|Any CPU
		{41BCD52C-F828-48F1-87C9-0B6A75659E3B}.Release|x64.ActiveCfg = Release|Any CPU
		{41BCD52C-F828-48F1-87C9-0B6A75659E3B}.Release|x64.Build.0 = Release|Any CPU
		{41BCD52C-F828-48F1-87C9-0B6A75659E3B}.Release|x86.ActiveCfg = Release|Any CPU
		{41BCD52C-F828-48F1-87C9-0B6A75659E3B}.Release|x86.Build.0 = Release|Any CPU
		{BF9951FC-1E52-4F47-86F7-29FE78631D37}.Debug|Any CPU.ActiveCfg = Debug|Any CPU
		{BF9951FC-1E52-4F47-86F7-29FE78631D37}.Debug|Any CPU.Build.0 = Debug|Any CPU
		{BF9951FC-1E52-4F47-86F7-29FE78631D37}.Debug|x64.ActiveCfg = Debug|Any CPU
		{BF9951FC-1E52-4F47-86F7-29FE78631D37}.Debug|x64.Build.0 = Debug|Any CPU
		{BF9951FC-1E52-4F47-86F7-29FE78631D37}.Debug|x86.ActiveCfg = Debug|Any CPU
		{BF9951FC-1E52-4F47-86F7-29FE78631D37}.Debug|x86.Build.0 = Debug|Any CPU
		{BF9951FC-1E52-4F47-86F7-29FE78631D37}.Release|Any CPU.ActiveCfg = Release|Any CPU
		{BF9951FC-1E52-4F47-86F7-29FE78631D37}.Release|Any CPU.Build.0 = Release|Any CPU
		{BF9951FC-1E52-4F47-86F7-29FE78631D37}.Release|x64.ActiveCfg = Release|Any CPU
		{BF9951FC-1E52-4F47-86F7-29FE78631D37}.Release|x64.Build.0 = Release|Any CPU
		{BF9951FC-1E52-4F47-86F7-29FE78631D37}.Release|x86.ActiveCfg = Release|Any CPU
		{BF9951FC-1E52-4F47-86F7-29FE78631D37}.Release|x86.Build.0 = Release|Any CPU
		{B9E9BBE1-8512-4F85-B48C-1933FA1C54B2}.Debug|Any CPU.ActiveCfg = Debug|Any CPU
		{B9E9BBE1-8512-4F85-B48C-1933FA1C54B2}.Debug|Any CPU.Build.0 = Debug|Any CPU
		{B9E9BBE1-8512-4F85-B48C-1933FA1C54B2}.Debug|x64.ActiveCfg = Debug|Any CPU
		{B9E9BBE1-8512-4F85-B48C-1933FA1C54B2}.Debug|x64.Build.0 = Debug|Any CPU
		{B9E9BBE1-8512-4F85-B48C-1933FA1C54B2}.Debug|x86.ActiveCfg = Debug|Any CPU
		{B9E9BBE1-8512-4F85-B48C-1933FA1C54B2}.Debug|x86.Build.0 = Debug|Any CPU
		{B9E9BBE1-8512-4F85-B48C-1933FA1C54B2}.Release|Any CPU.ActiveCfg = Release|Any CPU
		{B9E9BBE1-8512-4F85-B48C-1933FA1C54B2}.Release|Any CPU.Build.0 = Release|Any CPU
		{B9E9BBE1-8512-4F85-B48C-1933FA1C54B2}.Release|x64.ActiveCfg = Release|Any CPU
		{B9E9BBE1-8512-4F85-B48C-1933FA1C54B2}.Release|x64.Build.0 = Release|Any CPU
		{B9E9BBE1-8512-4F85-B48C-1933FA1C54B2}.Release|x86.ActiveCfg = Release|Any CPU
		{B9E9BBE1-8512-4F85-B48C-1933FA1C54B2}.Release|x86.Build.0 = Release|Any CPU
		{55932CD1-CB5D-4F90-92A9-4FEE18A1A089}.Debug|Any CPU.ActiveCfg = Debug|Any CPU
		{55932CD1-CB5D-4F90-92A9-4FEE18A1A089}.Debug|Any CPU.Build.0 = Debug|Any CPU
		{55932CD1-CB5D-4F90-92A9-4FEE18A1A089}.Debug|x64.ActiveCfg = Debug|Any CPU
		{55932CD1-CB5D-4F90-92A9-4FEE18A1A089}.Debug|x64.Build.0 = Debug|Any CPU
		{55932CD1-CB5D-4F90-92A9-4FEE18A1A089}.Debug|x86.ActiveCfg = Debug|Any CPU
		{55932CD1-CB5D-4F90-92A9-4FEE18A1A089}.Debug|x86.Build.0 = Debug|Any CPU
		{55932CD1-CB5D-4F90-92A9-4FEE18A1A089}.Release|Any CPU.ActiveCfg = Release|Any CPU
		{55932CD1-CB5D-4F90-92A9-4FEE18A1A089}.Release|Any CPU.Build.0 = Release|Any CPU
		{55932CD1-CB5D-4F90-92A9-4FEE18A1A089}.Release|x64.ActiveCfg = Release|Any CPU
		{55932CD1-CB5D-4F90-92A9-4FEE18A1A089}.Release|x64.Build.0 = Release|Any CPU
		{55932CD1-CB5D-4F90-92A9-4FEE18A1A089}.Release|x86.ActiveCfg = Release|Any CPU
		{55932CD1-CB5D-4F90-92A9-4FEE18A1A089}.Release|x86.Build.0 = Release|Any CPU
		{EF74342B-2713-4FB7-9F12-74D5F3A260F7}.Debug|Any CPU.ActiveCfg = Debug|Any CPU
		{EF74342B-2713-4FB7-9F12-74D5F3A260F7}.Debug|Any CPU.Build.0 = Debug|Any CPU
		{EF74342B-2713-4FB7-9F12-74D5F3A260F7}.Debug|x64.ActiveCfg = Debug|Any CPU
		{EF74342B-2713-4FB7-9F12-74D5F3A260F7}.Debug|x64.Build.0 = Debug|Any CPU
		{EF74342B-2713-4FB7-9F12-74D5F3A260F7}.Debug|x86.ActiveCfg = Debug|Any CPU
		{EF74342B-2713-4FB7-9F12-74D5F3A260F7}.Debug|x86.Build.0 = Debug|Any CPU
		{EF74342B-2713-4FB7-9F12-74D5F3A260F7}.Release|Any CPU.ActiveCfg = Release|Any CPU
		{EF74342B-2713-4FB7-9F12-74D5F3A260F7}.Release|Any CPU.Build.0 = Release|Any CPU
		{EF74342B-2713-4FB7-9F12-74D5F3A260F7}.Release|x64.ActiveCfg = Release|Any CPU
		{EF74342B-2713-4FB7-9F12-74D5F3A260F7}.Release|x64.Build.0 = Release|Any CPU
		{EF74342B-2713-4FB7-9F12-74D5F3A260F7}.Release|x86.ActiveCfg = Release|Any CPU
		{EF74342B-2713-4FB7-9F12-74D5F3A260F7}.Release|x86.Build.0 = Release|Any CPU
		{8CE3FC7D-ED90-416C-8403-B98FE767E184}.Debug|Any CPU.ActiveCfg = Debug|Any CPU
		{8CE3FC7D-ED90-416C-8403-B98FE767E184}.Debug|Any CPU.Build.0 = Debug|Any CPU
		{8CE3FC7D-ED90-416C-8403-B98FE767E184}.Debug|x64.ActiveCfg = Debug|Any CPU
		{8CE3FC7D-ED90-416C-8403-B98FE767E184}.Debug|x64.Build.0 = Debug|Any CPU
		{8CE3FC7D-ED90-416C-8403-B98FE767E184}.Debug|x86.ActiveCfg = Debug|Any CPU
		{8CE3FC7D-ED90-416C-8403-B98FE767E184}.Debug|x86.Build.0 = Debug|Any CPU
		{8CE3FC7D-ED90-416C-8403-B98FE767E184}.Release|Any CPU.ActiveCfg = Release|Any CPU
		{8CE3FC7D-ED90-416C-8403-B98FE767E184}.Release|Any CPU.Build.0 = Release|Any CPU
		{8CE3FC7D-ED90-416C-8403-B98FE767E184}.Release|x64.ActiveCfg = Release|Any CPU
		{8CE3FC7D-ED90-416C-8403-B98FE767E184}.Release|x64.Build.0 = Release|Any CPU
		{8CE3FC7D-ED90-416C-8403-B98FE767E184}.Release|x86.ActiveCfg = Release|Any CPU
		{8CE3FC7D-ED90-416C-8403-B98FE767E184}.Release|x86.Build.0 = Release|Any CPU
		{68728457-2DF9-4539-B59F-1FE544323598}.Debug|Any CPU.ActiveCfg = Debug|Any CPU
		{68728457-2DF9-4539-B59F-1FE544323598}.Debug|Any CPU.Build.0 = Debug|Any CPU
		{68728457-2DF9-4539-B59F-1FE544323598}.Debug|x64.ActiveCfg = Debug|Any CPU
		{68728457-2DF9-4539-B59F-1FE544323598}.Debug|x64.Build.0 = Debug|Any CPU
		{68728457-2DF9-4539-B59F-1FE544323598}.Debug|x86.ActiveCfg = Debug|Any CPU
		{68728457-2DF9-4539-B59F-1FE544323598}.Debug|x86.Build.0 = Debug|Any CPU
		{68728457-2DF9-4539-B59F-1FE544323598}.Release|Any CPU.ActiveCfg = Release|Any CPU
		{68728457-2DF9-4539-B59F-1FE544323598}.Release|Any CPU.Build.0 = Release|Any CPU
		{68728457-2DF9-4539-B59F-1FE544323598}.Release|x64.ActiveCfg = Release|Any CPU
		{68728457-2DF9-4539-B59F-1FE544323598}.Release|x64.Build.0 = Release|Any CPU
		{68728457-2DF9-4539-B59F-1FE544323598}.Release|x86.ActiveCfg = Release|Any CPU
		{68728457-2DF9-4539-B59F-1FE544323598}.Release|x86.Build.0 = Release|Any CPU
	EndGlobalSection
	GlobalSection(NestedProjects) = preSolution
		{D645AAB4-6C49-4FF3-A1D5-092E7903CF4E} = {9D225E98-D837-49D7-A510-5AB5EBA49794}
		{F485B695-1088-40EA-B6D4-14403501A8B0} = {9D225E98-D837-49D7-A510-5AB5EBA49794}
		{41BCD52C-F828-48F1-87C9-0B6A75659E3B} = {E884FE8B-7274-4D2A-ABE3-0354BF4DBD62}
		{55932CD1-CB5D-4F90-92A9-4FEE18A1A089} = {E884FE8B-7274-4D2A-ABE3-0354BF4DBD62}
		{EF74342B-2713-4FB7-9F12-74D5F3A260F7} = {E884FE8B-7274-4D2A-ABE3-0354BF4DBD62}
		{8CE3FC7D-ED90-416C-8403-B98FE767E184} = {9D225E98-D837-49D7-A510-5AB5EBA49794}
		{8B977514-31CA-4608-8401-63239934EE52} = {9D225E98-D837-49D7-A510-5AB5EBA49794}
		{59235C6E-3D87-4921-8988-A31193B7D45A} = {8B977514-31CA-4608-8401-63239934EE52}
		{BF9951FC-1E52-4F47-86F7-29FE78631D37} = {8B977514-31CA-4608-8401-63239934EE52}
		{B9E9BBE1-8512-4F85-B48C-1933FA1C54B2} = {8B977514-31CA-4608-8401-63239934EE52}
		{68728457-2DF9-4539-B59F-1FE544323598} = {9D225E98-D837-49D7-A510-5AB5EBA49794}
	EndGlobalSection
EndGlobal
