
Microsoft Visual Studio Solution File, Format Version 12.00
# Visual Studio Version 16
VisualStudioVersion = 16.0.30114.105
MinimumVisualStudioVersion = 10.0.40219.1
Project("{2150E333-8FDC-42A3-9474-1A3956D46DE8}") = "src", "src", "{9D225E98-D837-49D7-A510-5AB5EBA49794}"
EndProject
Project("{FAE04EC0-301F-11D3-BF4B-00C04F79EFBC}") = "TpLinkConsole.Core", "src\TpLinkConsole.Core\TpLinkConsole.Core.csproj", "{0D328FFC-8CCC-4640-A028-AD3913690205}"
EndProject
Project("{FAE04EC0-301F-11D3-BF4B-00C04F79EFBC}") = "TpLinkConsole.Console", "src\TpLinkConsole.Console\TpLinkConsole.Console.csproj", "{D645AAB4-6C49-4FF3-A1D5-092E7903CF4E}"
EndProject
Project("{2150E333-8FDC-42A3-9474-1A3956D46DE8}") = "tests", "tests", "{E884FE8B-7274-4D2A-ABE3-0354BF4DBD62}"
EndProject
Project("{FAE04EC0-301F-11D3-BF4B-00C04F79EFBC}") = "JsTypes", "src\JsTypes\JsTypes.csproj", "{59235C6E-3D87-4921-8988-A31193B7D45A}"
EndProject
Project("{FAE04EC0-301F-11D3-BF4B-00C04F79EFBC}") = "Router.Domain", "src\Router.Domain\Router.Domain.csproj", "{F485B695-1088-40EA-B6D4-14403501A8B0}"
EndProject
Project("{FAE04EC0-301F-11D3-BF4B-00C04F79EFBC}") = "Router.Domain.Tests", "Router.Domain.Tests\Router.Domain.Tests.csproj", "{41BCD52C-F828-48F1-87C9-0B6A75659E3B}"
EndProject
Project("{FAE04EC0-301F-11D3-BF4B-00C04F79EFBC}") = "Router.TPLink", "src\Router.TPLink\Router.TPLink.csproj", "{ECA7C0DD-FCB1-4A12-BB18-4681080EB2C3}"
EndProject
Project("{FAE04EC0-301F-11D3-BF4B-00C04F79EFBC}") = "JsUtils", "src\JsUtils\JsUtils.csproj", "{BF9951FC-1E52-4F47-86F7-29FE78631D37}"
EndProject
Project("{FAE04EC0-301F-11D3-BF4B-00C04F79EFBC}") = "JsUtils.Implementation", "src\JsUtils.Implementation\JsUtils.Implementation.csproj", "{B9E9BBE1-8512-4F85-B48C-1933FA1C54B2}"
EndProject
Project("{FAE04EC0-301F-11D3-BF4B-00C04F79EFBC}") = "JsUtils.Implementation.Tests", "JsUtils.Implementation.Tests\JsUtils.Implementation.Tests.csproj", "{55932CD1-CB5D-4F90-92A9-4FEE18A1A089}"
EndProject
Project("{FAE04EC0-301F-11D3-BF4B-00C04F79EFBC}") = "TpLinkConsole.CommandLine", "src\TpLinkConsole.CommandLine\TpLinkConsole.CommandLine.csproj", "{0061D83E-0010-4161-A10A-908C0900AD49}"
EndProject
Project("{FAE04EC0-301F-11D3-BF4B-00C04F79EFBC}") = "TpLinkConsole.CommandLineArguments.Tests", "TpLinkConsole.CommandLineArguments.Tests\TpLinkConsole.CommandLineArguments.Tests.csproj", "{EF74342B-2713-4FB7-9F12-74D5F3A260F7}"
EndProject
Global
	GlobalSection(SolutionProperties) = preSolution
		HideSolutionNode = FALSE
	EndGlobalSection
	GlobalSection(SolutionConfigurationPlatforms) = preSolution
		Debug|Any CPU = Debug|Any CPU
		Debug|x64 = Debug|x64
		Debug|x86 = Debug|x86
		Release|Any CPU = Release|Any CPU
		Release|x64 = Release|x64
		Release|x86 = Release|x86
	EndGlobalSection
	GlobalSection(ProjectConfigurationPlatforms) = postSolution
		{0D328FFC-8CCC-4640-A028-AD3913690205}.Debug|Any CPU.ActiveCfg = Debug|Any CPU
		{0D328FFC-8CCC-4640-A028-AD3913690205}.Debug|Any CPU.Build.0 = Debug|Any CPU
		{0D328FFC-8CCC-4640-A028-AD3913690205}.Debug|x64.ActiveCfg = Debug|Any CPU
		{0D328FFC-8CCC-4640-A028-AD3913690205}.Debug|x64.Build.0 = Debug|Any CPU
		{0D328FFC-8CCC-4640-A028-AD3913690205}.Debug|x86.ActiveCfg = Debug|Any CPU
		{0D328FFC-8CCC-4640-A028-AD3913690205}.Debug|x86.Build.0 = Debug|Any CPU
		{0D328FFC-8CCC-4640-A028-AD3913690205}.Release|Any CPU.ActiveCfg = Release|Any CPU
		{0D328FFC-8CCC-4640-A028-AD3913690205}.Release|Any CPU.Build.0 = Release|Any CPU
		{0D328FFC-8CCC-4640-A028-AD3913690205}.Release|x64.ActiveCfg = Release|Any CPU
		{0D328FFC-8CCC-4640-A028-AD3913690205}.Release|x64.Build.0 = Release|Any CPU
		{0D328FFC-8CCC-4640-A028-AD3913690205}.Release|x86.ActiveCfg = Release|Any CPU
		{0D328FFC-8CCC-4640-A028-AD3913690205}.Release|x86.Build.0 = Release|Any CPU
		{D645AAB4-6C49-4FF3-A1D5-092E7903CF4E}.Debug|Any CPU.ActiveCfg = Debug|Any CPU
		{D645AAB4-6C49-4FF3-A1D5-092E7903CF4E}.Debug|Any CPU.Build.0 = Debug|Any CPU
		{D645AAB4-6C49-4FF3-A1D5-092E7903CF4E}.Debug|x64.ActiveCfg = Debug|Any CPU
		{D645AAB4-6C49-4FF3-A1D5-092E7903CF4E}.Debug|x64.Build.0 = Debug|Any CPU
		{D645AAB4-6C49-4FF3-A1D5-092E7903CF4E}.Debug|x86.ActiveCfg = Debug|Any CPU
		{D645AAB4-6C49-4FF3-A1D5-092E7903CF4E}.Debug|x86.Build.0 = Debug|Any CPU
		{D645AAB4-6C49-4FF3-A1D5-092E7903CF4E}.Release|Any CPU.ActiveCfg = Release|Any CPU
		{D645AAB4-6C49-4FF3-A1D5-092E7903CF4E}.Release|Any CPU.Build.0 = Release|Any CPU
		{D645AAB4-6C49-4FF3-A1D5-092E7903CF4E}.Release|x64.ActiveCfg = Release|Any CPU
		{D645AAB4-6C49-4FF3-A1D5-092E7903CF4E}.Release|x64.Build.0 = Release|Any CPU
		{D645AAB4-6C49-4FF3-A1D5-092E7903CF4E}.Release|x86.ActiveCfg = Release|Any CPU
		{D645AAB4-6C49-4FF3-A1D5-092E7903CF4E}.Release|x86.Build.0 = Release|Any CPU
		{59235C6E-3D87-4921-8988-A31193B7D45A}.Debug|Any CPU.ActiveCfg = Debug|Any CPU
		{59235C6E-3D87-4921-8988-A31193B7D45A}.Debug|Any CPU.Build.0 = Debug|Any CPU
		{59235C6E-3D87-4921-8988-A31193B7D45A}.Debug|x64.ActiveCfg = Debug|Any CPU
		{59235C6E-3D87-4921-8988-A31193B7D45A}.Debug|x64.Build.0 = Debug|Any CPU
		{59235C6E-3D87-4921-8988-A31193B7D45A}.Debug|x86.ActiveCfg = Debug|Any CPU
		{59235C6E-3D87-4921-8988-A31193B7D45A}.Debug|x86.Build.0 = Debug|Any CPU
		{59235C6E-3D87-4921-8988-A31193B7D45A}.Release|Any CPU.ActiveCfg = Release|Any CPU
		{59235C6E-3D87-4921-8988-A31193B7D45A}.Release|Any CPU.Build.0 = Release|Any CPU
		{59235C6E-3D87-4921-8988-A31193B7D45A}.Release|x64.ActiveCfg = Release|Any CPU
		{59235C6E-3D87-4921-8988-A31193B7D45A}.Release|x64.Build.0 = Release|Any CPU
		{59235C6E-3D87-4921-8988-A31193B7D45A}.Release|x86.ActiveCfg = Release|Any CPU
		{59235C6E-3D87-4921-8988-A31193B7D45A}.Release|x86.Build.0 = Release|Any CPU
		{F485B695-1088-40EA-B6D4-14403501A8B0}.Debug|Any CPU.ActiveCfg = Debug|Any CPU
		{F485B695-1088-40EA-B6D4-14403501A8B0}.Debug|Any CPU.Build.0 = Debug|Any CPU
		{F485B695-1088-40EA-B6D4-14403501A8B0}.Debug|x64.ActiveCfg = Debug|Any CPU
		{F485B695-1088-40EA-B6D4-14403501A8B0}.Debug|x64.Build.0 = Debug|Any CPU
		{F485B695-1088-40EA-B6D4-14403501A8B0}.Debug|x86.ActiveCfg = Debug|Any CPU
		{F485B695-1088-40EA-B6D4-14403501A8B0}.Debug|x86.Build.0 = Debug|Any CPU
		{F485B695-1088-40EA-B6D4-14403501A8B0}.Release|Any CPU.ActiveCfg = Release|Any CPU
		{F485B695-1088-40EA-B6D4-14403501A8B0}.Release|Any CPU.Build.0 = Release|Any CPU
		{F485B695-1088-40EA-B6D4-14403501A8B0}.Release|x64.ActiveCfg = Release|Any CPU
		{F485B695-1088-40EA-B6D4-14403501A8B0}.Release|x64.Build.0 = Release|Any CPU
		{F485B695-1088-40EA-B6D4-14403501A8B0}.Release|x86.ActiveCfg = Release|Any CPU
		{F485B695-1088-40EA-B6D4-14403501A8B0}.Release|x86.Build.0 = Release|Any CPU
		{41BCD52C-F828-48F1-87C9-0B6A75659E3B}.Debug|Any CPU.ActiveCfg = Debug|Any CPU
		{41BCD52C-F828-48F1-87C9-0B6A75659E3B}.Debug|Any CPU.Build.0 = Debug|Any CPU
		{41BCD52C-F828-48F1-87C9-0B6A75659E3B}.Debug|x64.ActiveCfg = Debug|Any CPU
		{41BCD52C-F828-48F1-87C9-0B6A75659E3B}.Debug|x64.Build.0 = Debug|Any CPU
		{41BCD52C-F828-48F1-87C9-0B6A75659E3B}.Debug|x86.ActiveCfg = Debug|Any CPU
		{41BCD52C-F828-48F1-87C9-0B6A75659E3B}.Debug|x86.Build.0 = Debug|Any CPU
		{41BCD52C-F828-48F1-87C9-0B6A75659E3B}.Release|Any CPU.ActiveCfg = Release|Any CPU
		{41BCD52C-F828-48F1-87C9-0B6A75659E3B}.Release|Any CPU.Build.0 = Release|Any CPU
		{41BCD52C-F828-48F1-87C9-0B6A75659E3B}.Release|x64.ActiveCfg = Release|Any CPU
		{41BCD52C-F828-48F1-87C9-0B6A75659E3B}.Release|x64.Build.0 = Release|Any CPU
		{41BCD52C-F828-48F1-87C9-0B6A75659E3B}.Release|x86.ActiveCfg = Release|Any CPU
		{41BCD52C-F828-48F1-87C9-0B6A75659E3B}.Release|x86.Build.0 = Release|Any CPU
		{ECA7C0DD-FCB1-4A12-BB18-4681080EB2C3}.Debug|Any CPU.ActiveCfg = Debug|Any CPU
		{ECA7C0DD-FCB1-4A12-BB18-4681080EB2C3}.Debug|Any CPU.Build.0 = Debug|Any CPU
		{ECA7C0DD-FCB1-4A12-BB18-4681080EB2C3}.Debug|x64.ActiveCfg = Debug|Any CPU
		{ECA7C0DD-FCB1-4A12-BB18-4681080EB2C3}.Debug|x64.Build.0 = Debug|Any CPU
		{ECA7C0DD-FCB1-4A12-BB18-4681080EB2C3}.Debug|x86.ActiveCfg = Debug|Any CPU
		{ECA7C0DD-FCB1-4A12-BB18-4681080EB2C3}.Debug|x86.Build.0 = Debug|Any CPU
		{ECA7C0DD-FCB1-4A12-BB18-4681080EB2C3}.Release|Any CPU.ActiveCfg = Release|Any CPU
		{ECA7C0DD-FCB1-4A12-BB18-4681080EB2C3}.Release|Any CPU.Build.0 = Release|Any CPU
		{ECA7C0DD-FCB1-4A12-BB18-4681080EB2C3}.Release|x64.ActiveCfg = Release|Any CPU
		{ECA7C0DD-FCB1-4A12-BB18-4681080EB2C3}.Release|x64.Build.0 = Release|Any CPU
		{ECA7C0DD-FCB1-4A12-BB18-4681080EB2C3}.Release|x86.ActiveCfg = Release|Any CPU
		{ECA7C0DD-FCB1-4A12-BB18-4681080EB2C3}.Release|x86.Build.0 = Release|Any CPU
		{BF9951FC-1E52-4F47-86F7-29FE78631D37}.Debug|Any CPU.ActiveCfg = Debug|Any CPU
		{BF9951FC-1E52-4F47-86F7-29FE78631D37}.Debug|Any CPU.Build.0 = Debug|Any CPU
		{BF9951FC-1E52-4F47-86F7-29FE78631D37}.Debug|x64.ActiveCfg = Debug|Any CPU
		{BF9951FC-1E52-4F47-86F7-29FE78631D37}.Debug|x64.Build.0 = Debug|Any CPU
		{BF9951FC-1E52-4F47-86F7-29FE78631D37}.Debug|x86.ActiveCfg = Debug|Any CPU
		{BF9951FC-1E52-4F47-86F7-29FE78631D37}.Debug|x86.Build.0 = Debug|Any CPU
		{BF9951FC-1E52-4F47-86F7-29FE78631D37}.Release|Any CPU.ActiveCfg = Release|Any CPU
		{BF9951FC-1E52-4F47-86F7-29FE78631D37}.Release|Any CPU.Build.0 = Release|Any CPU
		{BF9951FC-1E52-4F47-86F7-29FE78631D37}.Release|x64.ActiveCfg = Release|Any CPU
		{BF9951FC-1E52-4F47-86F7-29FE78631D37}.Release|x64.Build.0 = Release|Any CPU
		{BF9951FC-1E52-4F47-86F7-29FE78631D37}.Release|x86.ActiveCfg = Release|Any CPU
		{BF9951FC-1E52-4F47-86F7-29FE78631D37}.Release|x86.Build.0 = Release|Any CPU
		{B9E9BBE1-8512-4F85-B48C-1933FA1C54B2}.Debug|Any CPU.ActiveCfg = Debug|Any CPU
		{B9E9BBE1-8512-4F85-B48C-1933FA1C54B2}.Debug|Any CPU.Build.0 = Debug|Any CPU
		{B9E9BBE1-8512-4F85-B48C-1933FA1C54B2}.Debug|x64.ActiveCfg = Debug|Any CPU
		{B9E9BBE1-8512-4F85-B48C-1933FA1C54B2}.Debug|x64.Build.0 = Debug|Any CPU
		{B9E9BBE1-8512-4F85-B48C-1933FA1C54B2}.Debug|x86.ActiveCfg = Debug|Any CPU
		{B9E9BBE1-8512-4F85-B48C-1933FA1C54B2}.Debug|x86.Build.0 = Debug|Any CPU
		{B9E9BBE1-8512-4F85-B48C-1933FA1C54B2}.Release|Any CPU.ActiveCfg = Release|Any CPU
		{B9E9BBE1-8512-4F85-B48C-1933FA1C54B2}.Release|Any CPU.Build.0 = Release|Any CPU
		{B9E9BBE1-8512-4F85-B48C-1933FA1C54B2}.Release|x64.ActiveCfg = Release|Any CPU
		{B9E9BBE1-8512-4F85-B48C-1933FA1C54B2}.Release|x64.Build.0 = Release|Any CPU
		{B9E9BBE1-8512-4F85-B48C-1933FA1C54B2}.Release|x86.ActiveCfg = Release|Any CPU
		{B9E9BBE1-8512-4F85-B48C-1933FA1C54B2}.Release|x86.Build.0 = Release|Any CPU
		{55932CD1-CB5D-4F90-92A9-4FEE18A1A089}.Debug|Any CPU.ActiveCfg = Debug|Any CPU
		{55932CD1-CB5D-4F90-92A9-4FEE18A1A089}.Debug|Any CPU.Build.0 = Debug|Any CPU
		{55932CD1-CB5D-4F90-92A9-4FEE18A1A089}.Debug|x64.ActiveCfg = Debug|Any CPU
		{55932CD1-CB5D-4F90-92A9-4FEE18A1A089}.Debug|x64.Build.0 = Debug|Any CPU
		{55932CD1-CB5D-4F90-92A9-4FEE18A1A089}.Debug|x86.ActiveCfg = Debug|Any CPU
		{55932CD1-CB5D-4F90-92A9-4FEE18A1A089}.Debug|x86.Build.0 = Debug|Any CPU
		{55932CD1-CB5D-4F90-92A9-4FEE18A1A089}.Release|Any CPU.ActiveCfg = Release|Any CPU
		{55932CD1-CB5D-4F90-92A9-4FEE18A1A089}.Release|Any CPU.Build.0 = Release|Any CPU
		{55932CD1-CB5D-4F90-92A9-4FEE18A1A089}.Release|x64.ActiveCfg = Release|Any CPU
		{55932CD1-CB5D-4F90-92A9-4FEE18A1A089}.Release|x64.Build.0 = Release|Any CPU
		{55932CD1-CB5D-4F90-92A9-4FEE18A1A089}.Release|x86.ActiveCfg = Release|Any CPU
		{55932CD1-CB5D-4F90-92A9-4FEE18A1A089}.Release|x86.Build.0 = Release|Any CPU
		{0061D83E-0010-4161-A10A-908C0900AD49}.Debug|Any CPU.ActiveCfg = Debug|Any CPU
		{0061D83E-0010-4161-A10A-908C0900AD49}.Debug|Any CPU.Build.0 = Debug|Any CPU
		{0061D83E-0010-4161-A10A-908C0900AD49}.Debug|x64.ActiveCfg = Debug|Any CPU
		{0061D83E-0010-4161-A10A-908C0900AD49}.Debug|x64.Build.0 = Debug|Any CPU
		{0061D83E-0010-4161-A10A-908C0900AD49}.Debug|x86.ActiveCfg = Debug|Any CPU
		{0061D83E-0010-4161-A10A-908C0900AD49}.Debug|x86.Build.0 = Debug|Any CPU
		{0061D83E-0010-4161-A10A-908C0900AD49}.Release|Any CPU.ActiveCfg = Release|Any CPU
		{0061D83E-0010-4161-A10A-908C0900AD49}.Release|Any CPU.Build.0 = Release|Any CPU
		{0061D83E-0010-4161-A10A-908C0900AD49}.Release|x64.ActiveCfg = Release|Any CPU
		{0061D83E-0010-4161-A10A-908C0900AD49}.Release|x64.Build.0 = Release|Any CPU
		{0061D83E-0010-4161-A10A-908C0900AD49}.Release|x86.ActiveCfg = Release|Any CPU
		{0061D83E-0010-4161-A10A-908C0900AD49}.Release|x86.Build.0 = Release|Any CPU
		{EF74342B-2713-4FB7-9F12-74D5F3A260F7}.Debug|Any CPU.ActiveCfg = Debug|Any CPU
		{EF74342B-2713-4FB7-9F12-74D5F3A260F7}.Debug|Any CPU.Build.0 = Debug|Any CPU
		{EF74342B-2713-4FB7-9F12-74D5F3A260F7}.Debug|x64.ActiveCfg = Debug|Any CPU
		{EF74342B-2713-4FB7-9F12-74D5F3A260F7}.Debug|x64.Build.0 = Debug|Any CPU
		{EF74342B-2713-4FB7-9F12-74D5F3A260F7}.Debug|x86.ActiveCfg = Debug|Any CPU
		{EF74342B-2713-4FB7-9F12-74D5F3A260F7}.Debug|x86.Build.0 = Debug|Any CPU
		{EF74342B-2713-4FB7-9F12-74D5F3A260F7}.Release|Any CPU.ActiveCfg = Release|Any CPU
		{EF74342B-2713-4FB7-9F12-74D5F3A260F7}.Release|Any CPU.Build.0 = Release|Any CPU
		{EF74342B-2713-4FB7-9F12-74D5F3A260F7}.Release|x64.ActiveCfg = Release|Any CPU
		{EF74342B-2713-4FB7-9F12-74D5F3A260F7}.Release|x64.Build.0 = Release|Any CPU
		{EF74342B-2713-4FB7-9F12-74D5F3A260F7}.Release|x86.ActiveCfg = Release|Any CPU
		{EF74342B-2713-4FB7-9F12-74D5F3A260F7}.Release|x86.Build.0 = Release|Any CPU
	EndGlobalSection
	GlobalSection(NestedProjects) = preSolution
		{0D328FFC-8CCC-4640-A028-AD3913690205} = {9D225E98-D837-49D7-A510-5AB5EBA49794}
		{D645AAB4-6C49-4FF3-A1D5-092E7903CF4E} = {9D225E98-D837-49D7-A510-5AB5EBA49794}
		{59235C6E-3D87-4921-8988-A31193B7D45A} = {9D225E98-D837-49D7-A510-5AB5EBA49794}
		{F485B695-1088-40EA-B6D4-14403501A8B0} = {9D225E98-D837-49D7-A510-5AB5EBA49794}
		{41BCD52C-F828-48F1-87C9-0B6A75659E3B} = {E884FE8B-7274-4D2A-ABE3-0354BF4DBD62}
		{ECA7C0DD-FCB1-4A12-BB18-4681080EB2C3} = {9D225E98-D837-49D7-A510-5AB5EBA49794}
		{BF9951FC-1E52-4F47-86F7-29FE78631D37} = {9D225E98-D837-49D7-A510-5AB5EBA49794}
		{B9E9BBE1-8512-4F85-B48C-1933FA1C54B2} = {9D225E98-D837-49D7-A510-5AB5EBA49794}
		{55932CD1-CB5D-4F90-92A9-4FEE18A1A089} = {E884FE8B-7274-4D2A-ABE3-0354BF4DBD62}
		{0061D83E-0010-4161-A10A-908C0900AD49} = {9D225E98-D837-49D7-A510-5AB5EBA49794}
		{EF74342B-2713-4FB7-9F12-74D5F3A260F7} = {E884FE8B-7274-4D2A-ABE3-0354BF4DBD62}
	EndGlobalSection
EndGlobal
