
Microsoft Visual Studio Solution File, Format Version 12.00
# Visual Studio Version 16
VisualStudioVersion = 16.0.30114.105
MinimumVisualStudioVersion = 10.0.40219.1
Project("{2150E333-8FDC-42A3-9474-1A3956D46DE8}") = "src", "src", "{9D225E98-D837-49D7-A510-5AB5EBA49794}"
EndProject
Project("{FAE04EC0-301F-11D3-BF4B-00C04F79EFBC}") = "TpLinkConsole.Console.NETCore6", "src\TpLinkConsole.Console.NETCore6\TpLinkConsole.Console.NETCore6.csproj", "{D645AAB4-6C49-4FF3-A1D5-092E7903CF4E}"
EndProject
Project("{2150E333-8FDC-42A3-9474-1A3956D46DE8}") = "tests", "tests", "{E884FE8B-7274-4D2A-ABE3-0354BF4DBD62}"
EndProject
Project("{2150E333-8FDC-42A3-9474-1A3956D46DE8}") = "Parser", "Parser", "{8B977514-31CA-4608-8401-63239934EE52}"
EndProject
Project("{FAE04EC0-301F-11D3-BF4B-00C04F79EFBC}") = "JsUtils.Implementation.Tests", "tests\JsUtils.Implementation.Tests\JsUtils.Implementation.Tests.csproj", "{75BD5824-101C-4DB8-A042-40D68B4B9A21}"
EndProject
Project("{FAE04EC0-301F-11D3-BF4B-00C04F79EFBC}") = "Router.Domain.Tests", "tests\Router.Domain.Tests\Router.Domain.Tests.csproj", "{DC5707C5-1793-4CE4-A1AC-F50179F1C169}"
EndProject
Project("{FAE04EC0-301F-11D3-BF4B-00C04F79EFBC}") = "Router.Commands.Utils.Tests", "tests\Router.Commands.Utils.Tests\Router.Commands.Utils.Tests.csproj", "{18D5B5B7-4070-4070-A69F-F0DEACC8547B}"
EndProject
Project("{FAE04EC0-301F-11D3-BF4B-00C04F79EFBC}") = "Router.TpLink.Tests", "tests\Router.TpLink.Tests\Router.TpLink.Tests.csproj", "{6DF2F356-E6FE-4A27-BAAA-5A2EA874891C}"
EndProject
Project("{FAE04EC0-301F-11D3-BF4B-00C04F79EFBC}") = "TpLinkConsole.Infrastructure", "src\TpLinkConsole.Infrastructure\TpLinkConsole.Infrastructure.csproj", "{3E47E465-9552-49EC-849A-DB4E51BE8FB5}"
EndProject
Project("{FAE04EC0-301F-11D3-BF4B-00C04F79EFBC}") = "JsTypes", "src\Parser\JsTypes\JsTypes.csproj", "{366BD74E-B0C3-4005-A66B-D47FEB06AA32}"
EndProject
Project("{FAE04EC0-301F-11D3-BF4B-00C04F79EFBC}") = "JsUtils", "src\Parser\JsUtils\JsUtils.csproj", "{13E4987B-A41A-46D3-AC1A-273C920A63AB}"
EndProject
Project("{FAE04EC0-301F-11D3-BF4B-00C04F79EFBC}") = "JsUtils.Implementation", "src\Parser\JsUtils.Implementation\JsUtils.Implementation.csproj", "{8534D2D3-0A0B-4115-9232-7ED4073A21B7}"
EndProject
Project("{2150E333-8FDC-42A3-9474-1A3956D46DE8}") = "Router", "Router", "{5C0B5658-BD9E-4807-8603-AB98285BB14C}"
EndProject
Project("{FAE04EC0-301F-11D3-BF4B-00C04F79EFBC}") = "Router.Domain", "src\Router\Router.Domain\Router.Domain.csproj", "{16A8D302-7D9D-4046-82C6-4EE097333282}"
EndProject
Project("{FAE04EC0-301F-11D3-BF4B-00C04F79EFBC}") = "Router.Commands", "src\Router\Router.Commands\Router.Commands.csproj", "{B26AC4C6-19CB-4CBD-A5CC-25773E9C19CD}"
EndProject
Project("{F2A71F9B-5D33-465A-A702-920D77279786}") = "Router.Commands.Utils", "src\Router\Router.Commands.Utils\Router.Commands.Utils.fsproj", "{485CCC95-54DB-4BD8-8672-1AF1540EE958}"
EndProject
Project("{FAE04EC0-301F-11D3-BF4B-00C04F79EFBC}") = "Router.TpLink", "src\Router\Router.TpLink\Router.TpLink.csproj", "{1CF6B6BA-F5B6-4F69-87D1-D08A39E3041A}"
EndProject
Project("{FAE04EC0-301F-11D3-BF4B-00C04F79EFBC}") = "Router.TpLink.TLWR741ND", "src\Router\Router.TpLink.TLWR741ND\Router.TpLink.TLWR741ND.csproj", "{BEBF77CA-07B3-439F-A449-1AE7D6449EE1}"
EndProject
Project("{FAE04EC0-301F-11D3-BF4B-00C04F79EFBC}") = "Router.Domain.Infrastructure", "src\Router\Router.Domain.Infrastructure\Router.Domain.Infrastructure.csproj", "{863F2F41-A238-4FB1-8419-758E193333AF}"
EndProject
Global
	GlobalSection(SolutionProperties) = preSolution
		HideSolutionNode = FALSE
	EndGlobalSection
	GlobalSection(SolutionConfigurationPlatforms) = preSolution
		Debug|Any CPU = Debug|Any CPU
		Debug|x64 = Debug|x64
		Debug|x86 = Debug|x86
		Release|Any CPU = Release|Any CPU
		Release|x64 = Release|x64
		Release|x86 = Release|x86
	EndGlobalSection
	GlobalSection(ProjectConfigurationPlatforms) = postSolution
		{D645AAB4-6C49-4FF3-A1D5-092E7903CF4E}.Debug|Any CPU.ActiveCfg = Debug|Any CPU
		{D645AAB4-6C49-4FF3-A1D5-092E7903CF4E}.Debug|Any CPU.Build.0 = Debug|Any CPU
		{D645AAB4-6C49-4FF3-A1D5-092E7903CF4E}.Debug|x64.ActiveCfg = Debug|Any CPU
		{D645AAB4-6C49-4FF3-A1D5-092E7903CF4E}.Debug|x64.Build.0 = Debug|Any CPU
		{D645AAB4-6C49-4FF3-A1D5-092E7903CF4E}.Debug|x86.ActiveCfg = Debug|Any CPU
		{D645AAB4-6C49-4FF3-A1D5-092E7903CF4E}.Debug|x86.Build.0 = Debug|Any CPU
		{D645AAB4-6C49-4FF3-A1D5-092E7903CF4E}.Release|Any CPU.ActiveCfg = Release|Any CPU
		{D645AAB4-6C49-4FF3-A1D5-092E7903CF4E}.Release|Any CPU.Build.0 = Release|Any CPU
		{D645AAB4-6C49-4FF3-A1D5-092E7903CF4E}.Release|x64.ActiveCfg = Release|Any CPU
		{D645AAB4-6C49-4FF3-A1D5-092E7903CF4E}.Release|x64.Build.0 = Release|Any CPU
		{D645AAB4-6C49-4FF3-A1D5-092E7903CF4E}.Release|x86.ActiveCfg = Release|Any CPU
		{D645AAB4-6C49-4FF3-A1D5-092E7903CF4E}.Release|x86.Build.0 = Release|Any CPU
		{75BD5824-101C-4DB8-A042-40D68B4B9A21}.Debug|Any CPU.ActiveCfg = Debug|Any CPU
		{75BD5824-101C-4DB8-A042-40D68B4B9A21}.Debug|Any CPU.Build.0 = Debug|Any CPU
		{75BD5824-101C-4DB8-A042-40D68B4B9A21}.Debug|x64.ActiveCfg = Debug|Any CPU
		{75BD5824-101C-4DB8-A042-40D68B4B9A21}.Debug|x64.Build.0 = Debug|Any CPU
		{75BD5824-101C-4DB8-A042-40D68B4B9A21}.Debug|x86.ActiveCfg = Debug|Any CPU
		{75BD5824-101C-4DB8-A042-40D68B4B9A21}.Debug|x86.Build.0 = Debug|Any CPU
		{75BD5824-101C-4DB8-A042-40D68B4B9A21}.Release|Any CPU.ActiveCfg = Release|Any CPU
		{75BD5824-101C-4DB8-A042-40D68B4B9A21}.Release|Any CPU.Build.0 = Release|Any CPU
		{75BD5824-101C-4DB8-A042-40D68B4B9A21}.Release|x64.ActiveCfg = Release|Any CPU
		{75BD5824-101C-4DB8-A042-40D68B4B9A21}.Release|x64.Build.0 = Release|Any CPU
		{75BD5824-101C-4DB8-A042-40D68B4B9A21}.Release|x86.ActiveCfg = Release|Any CPU
		{75BD5824-101C-4DB8-A042-40D68B4B9A21}.Release|x86.Build.0 = Release|Any CPU
		{DC5707C5-1793-4CE4-A1AC-F50179F1C169}.Debug|Any CPU.ActiveCfg = Debug|Any CPU
		{DC5707C5-1793-4CE4-A1AC-F50179F1C169}.Debug|Any CPU.Build.0 = Debug|Any CPU
		{DC5707C5-1793-4CE4-A1AC-F50179F1C169}.Debug|x64.ActiveCfg = Debug|Any CPU
		{DC5707C5-1793-4CE4-A1AC-F50179F1C169}.Debug|x64.Build.0 = Debug|Any CPU
		{DC5707C5-1793-4CE4-A1AC-F50179F1C169}.Debug|x86.ActiveCfg = Debug|Any CPU
		{DC5707C5-1793-4CE4-A1AC-F50179F1C169}.Debug|x86.Build.0 = Debug|Any CPU
		{DC5707C5-1793-4CE4-A1AC-F50179F1C169}.Release|Any CPU.ActiveCfg = Release|Any CPU
		{DC5707C5-1793-4CE4-A1AC-F50179F1C169}.Release|Any CPU.Build.0 = Release|Any CPU
		{DC5707C5-1793-4CE4-A1AC-F50179F1C169}.Release|x64.ActiveCfg = Release|Any CPU
		{DC5707C5-1793-4CE4-A1AC-F50179F1C169}.Release|x64.Build.0 = Release|Any CPU
		{DC5707C5-1793-4CE4-A1AC-F50179F1C169}.Release|x86.ActiveCfg = Release|Any CPU
		{DC5707C5-1793-4CE4-A1AC-F50179F1C169}.Release|x86.Build.0 = Release|Any CPU
		{18D5B5B7-4070-4070-A69F-F0DEACC8547B}.Debug|Any CPU.ActiveCfg = Debug|Any CPU
		{18D5B5B7-4070-4070-A69F-F0DEACC8547B}.Debug|Any CPU.Build.0 = Debug|Any CPU
		{18D5B5B7-4070-4070-A69F-F0DEACC8547B}.Debug|x64.ActiveCfg = Debug|Any CPU
		{18D5B5B7-4070-4070-A69F-F0DEACC8547B}.Debug|x64.Build.0 = Debug|Any CPU
		{18D5B5B7-4070-4070-A69F-F0DEACC8547B}.Debug|x86.ActiveCfg = Debug|Any CPU
		{18D5B5B7-4070-4070-A69F-F0DEACC8547B}.Debug|x86.Build.0 = Debug|Any CPU
		{18D5B5B7-4070-4070-A69F-F0DEACC8547B}.Release|Any CPU.ActiveCfg = Release|Any CPU
		{18D5B5B7-4070-4070-A69F-F0DEACC8547B}.Release|Any CPU.Build.0 = Release|Any CPU
		{18D5B5B7-4070-4070-A69F-F0DEACC8547B}.Release|x64.ActiveCfg = Release|Any CPU
		{18D5B5B7-4070-4070-A69F-F0DEACC8547B}.Release|x64.Build.0 = Release|Any CPU
		{18D5B5B7-4070-4070-A69F-F0DEACC8547B}.Release|x86.ActiveCfg = Release|Any CPU
		{18D5B5B7-4070-4070-A69F-F0DEACC8547B}.Release|x86.Build.0 = Release|Any CPU
		{6DF2F356-E6FE-4A27-BAAA-5A2EA874891C}.Debug|Any CPU.ActiveCfg = Debug|Any CPU
		{6DF2F356-E6FE-4A27-BAAA-5A2EA874891C}.Debug|Any CPU.Build.0 = Debug|Any CPU
		{6DF2F356-E6FE-4A27-BAAA-5A2EA874891C}.Debug|x64.ActiveCfg = Debug|Any CPU
		{6DF2F356-E6FE-4A27-BAAA-5A2EA874891C}.Debug|x64.Build.0 = Debug|Any CPU
		{6DF2F356-E6FE-4A27-BAAA-5A2EA874891C}.Debug|x86.ActiveCfg = Debug|Any CPU
		{6DF2F356-E6FE-4A27-BAAA-5A2EA874891C}.Debug|x86.Build.0 = Debug|Any CPU
		{6DF2F356-E6FE-4A27-BAAA-5A2EA874891C}.Release|Any CPU.ActiveCfg = Release|Any CPU
		{6DF2F356-E6FE-4A27-BAAA-5A2EA874891C}.Release|Any CPU.Build.0 = Release|Any CPU
		{6DF2F356-E6FE-4A27-BAAA-5A2EA874891C}.Release|x64.ActiveCfg = Release|Any CPU
		{6DF2F356-E6FE-4A27-BAAA-5A2EA874891C}.Release|x64.Build.0 = Release|Any CPU
		{6DF2F356-E6FE-4A27-BAAA-5A2EA874891C}.Release|x86.ActiveCfg = Release|Any CPU
		{6DF2F356-E6FE-4A27-BAAA-5A2EA874891C}.Release|x86.Build.0 = Release|Any CPU
		{3E47E465-9552-49EC-849A-DB4E51BE8FB5}.Debug|Any CPU.ActiveCfg = Debug|Any CPU
		{3E47E465-9552-49EC-849A-DB4E51BE8FB5}.Debug|Any CPU.Build.0 = Debug|Any CPU
		{3E47E465-9552-49EC-849A-DB4E51BE8FB5}.Debug|x64.ActiveCfg = Debug|Any CPU
		{3E47E465-9552-49EC-849A-DB4E51BE8FB5}.Debug|x64.Build.0 = Debug|Any CPU
		{3E47E465-9552-49EC-849A-DB4E51BE8FB5}.Debug|x86.ActiveCfg = Debug|Any CPU
		{3E47E465-9552-49EC-849A-DB4E51BE8FB5}.Debug|x86.Build.0 = Debug|Any CPU
		{3E47E465-9552-49EC-849A-DB4E51BE8FB5}.Release|Any CPU.ActiveCfg = Release|Any CPU
		{3E47E465-9552-49EC-849A-DB4E51BE8FB5}.Release|Any CPU.Build.0 = Release|Any CPU
		{3E47E465-9552-49EC-849A-DB4E51BE8FB5}.Release|x64.ActiveCfg = Release|Any CPU
		{3E47E465-9552-49EC-849A-DB4E51BE8FB5}.Release|x64.Build.0 = Release|Any CPU
		{3E47E465-9552-49EC-849A-DB4E51BE8FB5}.Release|x86.ActiveCfg = Release|Any CPU
		{3E47E465-9552-49EC-849A-DB4E51BE8FB5}.Release|x86.Build.0 = Release|Any CPU
		{366BD74E-B0C3-4005-A66B-D47FEB06AA32}.Debug|Any CPU.ActiveCfg = Debug|Any CPU
		{366BD74E-B0C3-4005-A66B-D47FEB06AA32}.Debug|Any CPU.Build.0 = Debug|Any CPU
		{366BD74E-B0C3-4005-A66B-D47FEB06AA32}.Debug|x64.ActiveCfg = Debug|Any CPU
		{366BD74E-B0C3-4005-A66B-D47FEB06AA32}.Debug|x64.Build.0 = Debug|Any CPU
		{366BD74E-B0C3-4005-A66B-D47FEB06AA32}.Debug|x86.ActiveCfg = Debug|Any CPU
		{366BD74E-B0C3-4005-A66B-D47FEB06AA32}.Debug|x86.Build.0 = Debug|Any CPU
		{366BD74E-B0C3-4005-A66B-D47FEB06AA32}.Release|Any CPU.ActiveCfg = Release|Any CPU
		{366BD74E-B0C3-4005-A66B-D47FEB06AA32}.Release|Any CPU.Build.0 = Release|Any CPU
		{366BD74E-B0C3-4005-A66B-D47FEB06AA32}.Release|x64.ActiveCfg = Release|Any CPU
		{366BD74E-B0C3-4005-A66B-D47FEB06AA32}.Release|x64.Build.0 = Release|Any CPU
		{366BD74E-B0C3-4005-A66B-D47FEB06AA32}.Release|x86.ActiveCfg = Release|Any CPU
		{366BD74E-B0C3-4005-A66B-D47FEB06AA32}.Release|x86.Build.0 = Release|Any CPU
		{13E4987B-A41A-46D3-AC1A-273C920A63AB}.Debug|Any CPU.ActiveCfg = Debug|Any CPU
		{13E4987B-A41A-46D3-AC1A-273C920A63AB}.Debug|Any CPU.Build.0 = Debug|Any CPU
		{13E4987B-A41A-46D3-AC1A-273C920A63AB}.Debug|x64.ActiveCfg = Debug|Any CPU
		{13E4987B-A41A-46D3-AC1A-273C920A63AB}.Debug|x64.Build.0 = Debug|Any CPU
		{13E4987B-A41A-46D3-AC1A-273C920A63AB}.Debug|x86.ActiveCfg = Debug|Any CPU
		{13E4987B-A41A-46D3-AC1A-273C920A63AB}.Debug|x86.Build.0 = Debug|Any CPU
		{13E4987B-A41A-46D3-AC1A-273C920A63AB}.Release|Any CPU.ActiveCfg = Release|Any CPU
		{13E4987B-A41A-46D3-AC1A-273C920A63AB}.Release|Any CPU.Build.0 = Release|Any CPU
		{13E4987B-A41A-46D3-AC1A-273C920A63AB}.Release|x64.ActiveCfg = Release|Any CPU
		{13E4987B-A41A-46D3-AC1A-273C920A63AB}.Release|x64.Build.0 = Release|Any CPU
		{13E4987B-A41A-46D3-AC1A-273C920A63AB}.Release|x86.ActiveCfg = Release|Any CPU
		{13E4987B-A41A-46D3-AC1A-273C920A63AB}.Release|x86.Build.0 = Release|Any CPU
		{8534D2D3-0A0B-4115-9232-7ED4073A21B7}.Debug|Any CPU.ActiveCfg = Debug|Any CPU
		{8534D2D3-0A0B-4115-9232-7ED4073A21B7}.Debug|Any CPU.Build.0 = Debug|Any CPU
		{8534D2D3-0A0B-4115-9232-7ED4073A21B7}.Debug|x64.ActiveCfg = Debug|Any CPU
		{8534D2D3-0A0B-4115-9232-7ED4073A21B7}.Debug|x64.Build.0 = Debug|Any CPU
		{8534D2D3-0A0B-4115-9232-7ED4073A21B7}.Debug|x86.ActiveCfg = Debug|Any CPU
		{8534D2D3-0A0B-4115-9232-7ED4073A21B7}.Debug|x86.Build.0 = Debug|Any CPU
		{8534D2D3-0A0B-4115-9232-7ED4073A21B7}.Release|Any CPU.ActiveCfg = Release|Any CPU
		{8534D2D3-0A0B-4115-9232-7ED4073A21B7}.Release|Any CPU.Build.0 = Release|Any CPU
		{8534D2D3-0A0B-4115-9232-7ED4073A21B7}.Release|x64.ActiveCfg = Release|Any CPU
		{8534D2D3-0A0B-4115-9232-7ED4073A21B7}.Release|x64.Build.0 = Release|Any CPU
		{8534D2D3-0A0B-4115-9232-7ED4073A21B7}.Release|x86.ActiveCfg = Release|Any CPU
		{8534D2D3-0A0B-4115-9232-7ED4073A21B7}.Release|x86.Build.0 = Release|Any CPU
		{16A8D302-7D9D-4046-82C6-4EE097333282}.Debug|Any CPU.ActiveCfg = Debug|Any CPU
		{16A8D302-7D9D-4046-82C6-4EE097333282}.Debug|Any CPU.Build.0 = Debug|Any CPU
		{16A8D302-7D9D-4046-82C6-4EE097333282}.Debug|x64.ActiveCfg = Debug|Any CPU
		{16A8D302-7D9D-4046-82C6-4EE097333282}.Debug|x64.Build.0 = Debug|Any CPU
		{16A8D302-7D9D-4046-82C6-4EE097333282}.Debug|x86.ActiveCfg = Debug|Any CPU
		{16A8D302-7D9D-4046-82C6-4EE097333282}.Debug|x86.Build.0 = Debug|Any CPU
		{16A8D302-7D9D-4046-82C6-4EE097333282}.Release|Any CPU.ActiveCfg = Release|Any CPU
		{16A8D302-7D9D-4046-82C6-4EE097333282}.Release|Any CPU.Build.0 = Release|Any CPU
		{16A8D302-7D9D-4046-82C6-4EE097333282}.Release|x64.ActiveCfg = Release|Any CPU
		{16A8D302-7D9D-4046-82C6-4EE097333282}.Release|x64.Build.0 = Release|Any CPU
		{16A8D302-7D9D-4046-82C6-4EE097333282}.Release|x86.ActiveCfg = Release|Any CPU
		{16A8D302-7D9D-4046-82C6-4EE097333282}.Release|x86.Build.0 = Release|Any CPU
		{B26AC4C6-19CB-4CBD-A5CC-25773E9C19CD}.Debug|Any CPU.ActiveCfg = Debug|Any CPU
		{B26AC4C6-19CB-4CBD-A5CC-25773E9C19CD}.Debug|Any CPU.Build.0 = Debug|Any CPU
		{B26AC4C6-19CB-4CBD-A5CC-25773E9C19CD}.Debug|x64.ActiveCfg = Debug|Any CPU
		{B26AC4C6-19CB-4CBD-A5CC-25773E9C19CD}.Debug|x64.Build.0 = Debug|Any CPU
		{B26AC4C6-19CB-4CBD-A5CC-25773E9C19CD}.Debug|x86.ActiveCfg = Debug|Any CPU
		{B26AC4C6-19CB-4CBD-A5CC-25773E9C19CD}.Debug|x86.Build.0 = Debug|Any CPU
		{B26AC4C6-19CB-4CBD-A5CC-25773E9C19CD}.Release|Any CPU.ActiveCfg = Release|Any CPU
		{B26AC4C6-19CB-4CBD-A5CC-25773E9C19CD}.Release|Any CPU.Build.0 = Release|Any CPU
		{B26AC4C6-19CB-4CBD-A5CC-25773E9C19CD}.Release|x64.ActiveCfg = Release|Any CPU
		{B26AC4C6-19CB-4CBD-A5CC-25773E9C19CD}.Release|x64.Build.0 = Release|Any CPU
		{B26AC4C6-19CB-4CBD-A5CC-25773E9C19CD}.Release|x86.ActiveCfg = Release|Any CPU
		{B26AC4C6-19CB-4CBD-A5CC-25773E9C19CD}.Release|x86.Build.0 = Release|Any CPU
		{485CCC95-54DB-4BD8-8672-1AF1540EE958}.Debug|Any CPU.ActiveCfg = Debug|Any CPU
		{485CCC95-54DB-4BD8-8672-1AF1540EE958}.Debug|Any CPU.Build.0 = Debug|Any CPU
		{485CCC95-54DB-4BD8-8672-1AF1540EE958}.Debug|x64.ActiveCfg = Debug|Any CPU
		{485CCC95-54DB-4BD8-8672-1AF1540EE958}.Debug|x64.Build.0 = Debug|Any CPU
		{485CCC95-54DB-4BD8-8672-1AF1540EE958}.Debug|x86.ActiveCfg = Debug|Any CPU
		{485CCC95-54DB-4BD8-8672-1AF1540EE958}.Debug|x86.Build.0 = Debug|Any CPU
		{485CCC95-54DB-4BD8-8672-1AF1540EE958}.Release|Any CPU.ActiveCfg = Release|Any CPU
		{485CCC95-54DB-4BD8-8672-1AF1540EE958}.Release|Any CPU.Build.0 = Release|Any CPU
		{485CCC95-54DB-4BD8-8672-1AF1540EE958}.Release|x64.ActiveCfg = Release|Any CPU
		{485CCC95-54DB-4BD8-8672-1AF1540EE958}.Release|x64.Build.0 = Release|Any CPU
		{485CCC95-54DB-4BD8-8672-1AF1540EE958}.Release|x86.ActiveCfg = Release|Any CPU
		{485CCC95-54DB-4BD8-8672-1AF1540EE958}.Release|x86.Build.0 = Release|Any CPU
		{1CF6B6BA-F5B6-4F69-87D1-D08A39E3041A}.Debug|Any CPU.ActiveCfg = Debug|Any CPU
		{1CF6B6BA-F5B6-4F69-87D1-D08A39E3041A}.Debug|Any CPU.Build.0 = Debug|Any CPU
		{1CF6B6BA-F5B6-4F69-87D1-D08A39E3041A}.Debug|x64.ActiveCfg = Debug|Any CPU
		{1CF6B6BA-F5B6-4F69-87D1-D08A39E3041A}.Debug|x64.Build.0 = Debug|Any CPU
		{1CF6B6BA-F5B6-4F69-87D1-D08A39E3041A}.Debug|x86.ActiveCfg = Debug|Any CPU
		{1CF6B6BA-F5B6-4F69-87D1-D08A39E3041A}.Debug|x86.Build.0 = Debug|Any CPU
		{1CF6B6BA-F5B6-4F69-87D1-D08A39E3041A}.Release|Any CPU.ActiveCfg = Release|Any CPU
		{1CF6B6BA-F5B6-4F69-87D1-D08A39E3041A}.Release|Any CPU.Build.0 = Release|Any CPU
		{1CF6B6BA-F5B6-4F69-87D1-D08A39E3041A}.Release|x64.ActiveCfg = Release|Any CPU
		{1CF6B6BA-F5B6-4F69-87D1-D08A39E3041A}.Release|x64.Build.0 = Release|Any CPU
		{1CF6B6BA-F5B6-4F69-87D1-D08A39E3041A}.Release|x86.ActiveCfg = Release|Any CPU
		{1CF6B6BA-F5B6-4F69-87D1-D08A39E3041A}.Release|x86.Build.0 = Release|Any CPU
		{BEBF77CA-07B3-439F-A449-1AE7D6449EE1}.Debug|Any CPU.ActiveCfg = Debug|Any CPU
		{BEBF77CA-07B3-439F-A449-1AE7D6449EE1}.Debug|Any CPU.Build.0 = Debug|Any CPU
		{BEBF77CA-07B3-439F-A449-1AE7D6449EE1}.Debug|x64.ActiveCfg = Debug|Any CPU
		{BEBF77CA-07B3-439F-A449-1AE7D6449EE1}.Debug|x64.Build.0 = Debug|Any CPU
		{BEBF77CA-07B3-439F-A449-1AE7D6449EE1}.Debug|x86.ActiveCfg = Debug|Any CPU
		{BEBF77CA-07B3-439F-A449-1AE7D6449EE1}.Debug|x86.Build.0 = Debug|Any CPU
		{BEBF77CA-07B3-439F-A449-1AE7D6449EE1}.Release|Any CPU.ActiveCfg = Release|Any CPU
		{BEBF77CA-07B3-439F-A449-1AE7D6449EE1}.Release|Any CPU.Build.0 = Release|Any CPU
		{BEBF77CA-07B3-439F-A449-1AE7D6449EE1}.Release|x64.ActiveCfg = Release|Any CPU
		{BEBF77CA-07B3-439F-A449-1AE7D6449EE1}.Release|x64.Build.0 = Release|Any CPU
		{BEBF77CA-07B3-439F-A449-1AE7D6449EE1}.Release|x86.ActiveCfg = Release|Any CPU
		{BEBF77CA-07B3-439F-A449-1AE7D6449EE1}.Release|x86.Build.0 = Release|Any CPU
		{863F2F41-A238-4FB1-8419-758E193333AF}.Debug|Any CPU.ActiveCfg = Debug|Any CPU
		{863F2F41-A238-4FB1-8419-758E193333AF}.Debug|Any CPU.Build.0 = Debug|Any CPU
		{863F2F41-A238-4FB1-8419-758E193333AF}.Debug|x64.ActiveCfg = Debug|Any CPU
		{863F2F41-A238-4FB1-8419-758E193333AF}.Debug|x64.Build.0 = Debug|Any CPU
		{863F2F41-A238-4FB1-8419-758E193333AF}.Debug|x86.ActiveCfg = Debug|Any CPU
		{863F2F41-A238-4FB1-8419-758E193333AF}.Debug|x86.Build.0 = Debug|Any CPU
		{863F2F41-A238-4FB1-8419-758E193333AF}.Release|Any CPU.ActiveCfg = Release|Any CPU
		{863F2F41-A238-4FB1-8419-758E193333AF}.Release|Any CPU.Build.0 = Release|Any CPU
		{863F2F41-A238-4FB1-8419-758E193333AF}.Release|x64.ActiveCfg = Release|Any CPU
		{863F2F41-A238-4FB1-8419-758E193333AF}.Release|x64.Build.0 = Release|Any CPU
		{863F2F41-A238-4FB1-8419-758E193333AF}.Release|x86.ActiveCfg = Release|Any CPU
		{863F2F41-A238-4FB1-8419-758E193333AF}.Release|x86.Build.0 = Release|Any CPU
	EndGlobalSection
	GlobalSection(NestedProjects) = preSolution
		{D645AAB4-6C49-4FF3-A1D5-092E7903CF4E} = {9D225E98-D837-49D7-A510-5AB5EBA49794}
		{8B977514-31CA-4608-8401-63239934EE52} = {9D225E98-D837-49D7-A510-5AB5EBA49794}
		{75BD5824-101C-4DB8-A042-40D68B4B9A21} = {E884FE8B-7274-4D2A-ABE3-0354BF4DBD62}
		{DC5707C5-1793-4CE4-A1AC-F50179F1C169} = {E884FE8B-7274-4D2A-ABE3-0354BF4DBD62}
		{18D5B5B7-4070-4070-A69F-F0DEACC8547B} = {E884FE8B-7274-4D2A-ABE3-0354BF4DBD62}
		{6DF2F356-E6FE-4A27-BAAA-5A2EA874891C} = {E884FE8B-7274-4D2A-ABE3-0354BF4DBD62}
		{3E47E465-9552-49EC-849A-DB4E51BE8FB5} = {9D225E98-D837-49D7-A510-5AB5EBA49794}
		{366BD74E-B0C3-4005-A66B-D47FEB06AA32} = {8B977514-31CA-4608-8401-63239934EE52}
		{13E4987B-A41A-46D3-AC1A-273C920A63AB} = {8B977514-31CA-4608-8401-63239934EE52}
		{8534D2D3-0A0B-4115-9232-7ED4073A21B7} = {8B977514-31CA-4608-8401-63239934EE52}
		{5C0B5658-BD9E-4807-8603-AB98285BB14C} = {9D225E98-D837-49D7-A510-5AB5EBA49794}
		{16A8D302-7D9D-4046-82C6-4EE097333282} = {5C0B5658-BD9E-4807-8603-AB98285BB14C}
		{B26AC4C6-19CB-4CBD-A5CC-25773E9C19CD} = {5C0B5658-BD9E-4807-8603-AB98285BB14C}
		{485CCC95-54DB-4BD8-8672-1AF1540EE958} = {5C0B5658-BD9E-4807-8603-AB98285BB14C}
		{1CF6B6BA-F5B6-4F69-87D1-D08A39E3041A} = {5C0B5658-BD9E-4807-8603-AB98285BB14C}
		{BEBF77CA-07B3-439F-A449-1AE7D6449EE1} = {5C0B5658-BD9E-4807-8603-AB98285BB14C}
		{863F2F41-A238-4FB1-8419-758E193333AF} = {5C0B5658-BD9E-4807-8603-AB98285BB14C}
	EndGlobalSection
EndGlobal
